
Microsoft Visual Studio Solution File, Format Version 12.00
# Visual Studio Version 16
VisualStudioVersion = 16.0.31605.320
MinimumVisualStudioVersion = 10.0.40219.1
Project("{FAE04EC0-301F-11D3-BF4B-00C04F79EFBC}") = "MVCCaptcha", "MVCCaptcha.csproj", "{DAD47404-5872-47A0-86D6-EDE9FD8C6693}"
EndProject
Global
	GlobalSection(SolutionConfigurationPlatforms) = preSolution
		Debug|Any CPU = Debug|Any CPU
		Release|Any CPU = Release|Any CPU
	EndGlobalSection
	GlobalSection(ProjectConfigurationPlatforms) = postSolution
		{DAD47404-5872-47A0-86D6-EDE9FD8C6693}.Debug|Any CPU.ActiveCfg = Debug|Any CPU
		{DAD47404-5872-47A0-86D6-EDE9FD8C6693}.Debug|Any CPU.Build.0 = Debug|Any CPU
		{DAD47404-5872-47A0-86D6-EDE9FD8C6693}.Release|Any CPU.ActiveCfg = Release|Any CPU
		{DAD47404-5872-47A0-86D6-EDE9FD8C6693}.Release|Any CPU.Build.0 = Release|Any CPU
	EndGlobalSection
	GlobalSection(SolutionProperties) = preSolution
		HideSolutionNode = FALSE
	EndGlobalSection
	GlobalSection(ExtensibilityGlobals) = postSolution
		SolutionGuid = {B073C55E-ED5F-4BBD-8758-67D551BFB2BC}
	EndGlobalSection
EndGlobal
